
Microsoft Visual Studio Solution File, Format Version 12.00
# Visual Studio Version 17
VisualStudioVersion = 17.4.33403.182
MinimumVisualStudioVersion = 10.0.40219.1
Project("{8BC9CEB8-8B4A-11D0-8D11-00A0C91BC942}") = "SleepyHook Plus", "SleepyHook Plus\SleepyHook Plus.vcxproj", "{9E268B39-1CD9-459C-9561-1970673AD561}"
EndProject
Global
	GlobalSection(SolutionConfigurationPlatforms) = preSolution
		Debug|x64 = Debug|x64
		Debug|x86 = Debug|x86
		Release|x64 = Release|x64
		Release|x86 = Release|x86
	EndGlobalSection
	GlobalSection(ProjectConfigurationPlatforms) = postSolution
		{9E268B39-1CD9-459C-9561-1970673AD561}.Debug|x64.ActiveCfg = Debug|x64
		{9E268B39-1CD9-459C-9561-1970673AD561}.Debug|x64.Build.0 = Debug|x64
		{9E268B39-1CD9-459C-9561-1970673AD561}.Debug|x86.ActiveCfg = Debug|Win32
		{9E268B39-1CD9-459C-9561-1970673AD561}.Debug|x86.Build.0 = Debug|Win32
		{9E268B39-1CD9-459C-9561-1970673AD561}.Release|x64.ActiveCfg = Release|x64
		{9E268B39-1CD9-459C-9561-1970673AD561}.Release|x64.Build.0 = Release|x64
		{9E268B39-1CD9-459C-9561-1970673AD561}.Release|x86.ActiveCfg = Release|Win32
		{9E268B39-1CD9-459C-9561-1970673AD561}.Release|x86.Build.0 = Release|Win32
	EndGlobalSection
	GlobalSection(SolutionProperties) = preSolution
		HideSolutionNode = FALSE
	EndGlobalSection
	GlobalSection(ExtensibilityGlobals) = postSolution
		SolutionGuid = {FEEC33E1-2523-4E30-9C20-034A95C9DB8D}
	EndGlobalSection
EndGlobal
